{
  "requires": true,
  "lockfileVersion": 1,
  "dependencies": {
    "flatted": {
      "version": "3.1.1",
      "resolved": "https://registry.npmjs.org/flatted/-/flatted-3.1.1.tgz",
      "integrity": "sha512-zAoAQiudy+r5SvnSw3KJy5os/oRJYHzrzja/tBDqrZtNhUw8bt6y8OBzMWcjWr+8liV8Eb6yOhw8WZ7VFZ5ZzA=="
    }
  }
}
